
Microsoft Visual Studio Solution File, Format Version 12.00
# Visual Studio Version 17
VisualStudioVersion = 17.5.002.0
MinimumVisualStudioVersion = 10.0.40219.1
Project("{2150E333-8FDC-42A3-9474-1A3956D46DE8}") = "mslearn-openai", "mslearn-openai", "{B9994C4E-BFDF-4997-8F44-B2CF7F0DF6C1}"
EndProject
Project("{2150E333-8FDC-42A3-9474-1A3956D46DE8}") = "Labfiles", "Labfiles", "{37E3A6AD-2F2D-4258-BD78-30BDD937ED18}"
EndProject
Project("{2150E333-8FDC-42A3-9474-1A3956D46DE8}") = "02-azure-openai-api", "02-azure-openai-api", "{96309FD7-B274-4EBA-A9C6-F0661A3CF2AC}"
EndProject
Project("{9A19103F-16F7-4668-BE54-9A1E7A4F7556}") = "CSharp", "mslearn-openai\Labfiles\02-azure-openai-api\CSharp\CSharp.csproj", "{1B7E2D3D-74B4-4FEC-B7B0-958F9EE2E0DC}"
EndProject
Project("{2150E333-8FDC-42A3-9474-1A3956D46DE8}") = "03-prompt-engineering", "03-prompt-engineering", "{CD7263EE-B350-47D7-BEAD-C07ADFAC1D56}"
EndProject
Project("{9A19103F-16F7-4668-BE54-9A1E7A4F7556}") = "CSharp", "mslearn-openai\Labfiles\03-prompt-engineering\CSharp\CSharp.csproj", "{BD657CE1-94CB-429E-9DF1-7213DC5812CD}"
EndProject
Project("{2150E333-8FDC-42A3-9474-1A3956D46DE8}") = "06-use-own-data", "06-use-own-data", "{32F24246-99CB-4A2F-8E3C-D045482509B4}"
EndProject
Project("{9A19103F-16F7-4668-BE54-9A1E7A4F7556}") = "CSharp", "mslearn-openai\Labfiles\06-use-own-data\CSharp\CSharp.csproj", "{48876ED0-237D-40E0-9D10-BF85C4CE1036}"
EndProject
Project("{2150E333-8FDC-42A3-9474-1A3956D46DE8}") = "04-code-generation", "04-code-generation", "{E97373ED-D288-4AEB-AE6E-E506FC13D3D8}"
EndProject
Project("{9A19103F-16F7-4668-BE54-9A1E7A4F7556}") = "CSharp", "mslearn-openai\Labfiles\04-code-generation\CSharp\CSharp.csproj", "{6F27C635-EEDF-4874-A1CD-93E9F53C378F}"
EndProject
Project("{2150E333-8FDC-42A3-9474-1A3956D46DE8}") = "05-image-generation", "05-image-generation", "{D9DEDDF4-7BCB-414D-B5ED-6E2BF7845601}"
EndProject
Project("{9A19103F-16F7-4668-BE54-9A1E7A4F7556}") = "generate_image", "mslearn-openai\Labfiles\05-image-generation\CSharp\generate_image.csproj", "{84AB9948-D9C7-41F9-91EC-1F63CEA07588}"
EndProject
Project("{2150E333-8FDC-42A3-9474-1A3956D46DE8}") = "mslearn-knowledge-mining", "mslearn-knowledge-mining", "{9959F3EE-2CD8-4F53-A97B-0856DA1F9BE4}"
EndProject
Project("{2150E333-8FDC-42A3-9474-1A3956D46DE8}") = "Labfiles", "Labfiles", "{9616B230-8B6E-4F97-8E86-2CE81298BC61}"
EndProject
Project("{2150E333-8FDC-42A3-9474-1A3956D46DE8}") = "07-exercise-add-to-index-use-push-api lab-files", "07-exercise-add-to-index-use-push-api lab-files", "{302ADE24-BB92-4D77-A85F-293017E2657B}"
EndProject
Project("{9A19103F-16F7-4668-BE54-9A1E7A4F7556}") = "OptimizeDataIndexing", "mslearn-knowledge-mining\Labfiles\07-exercise-add-to-index-use-push-api lab-files\OptimizeDataIndexing\OptimizeDataIndexing.csproj", "{DB688ADC-3C02-4724-9D93-6BB2416EA9C0}"
EndProject
Project("{2150E333-8FDC-42A3-9474-1A3956D46DE8}") = "sample-code", "sample-code", "{87FC7BB4-BE18-4744-9A5F-381872AD2B9F}"
EndProject
Project("{9A19103F-16F7-4668-BE54-9A1E7A4F7556}") = "CSharp", "mslearn-openai\Labfiles\04-code-generation\sample-code\go-fish\CSharp.csproj", "{A2EEE737-818E-401C-8DEC-B30F84F9315C}"
EndProject
Project("{2150E333-8FDC-42A3-9474-1A3956D46DE8}") = "01-azure-search", "01-azure-search", "{23874B63-0B70-49B3-A8E7-EA08A85210DC}"
EndProject
Project("{2150E333-8FDC-42A3-9474-1A3956D46DE8}") = "C-Sharp", "C-Sharp", "{36AFE6D1-7A98-4C84-A4F7-1A9569082E77}"
EndProject
Project("{9A19103F-16F7-4668-BE54-9A1E7A4F7556}") = "search-client", "mslearn-knowledge-mining\Labfiles\01-azure-search\C-Sharp\margies-travel\search-client.csproj", "{043400A3-CE75-4F75-9888-4F8778A87902}"
EndProject
Project("{2150E333-8FDC-42A3-9474-1A3956D46DE8}") = "mslearn-ai-language", "mslearn-ai-language", "{DD36E3EE-D15D-4AE9-9087-7943CB078DBE}"
EndProject
Project("{2150E333-8FDC-42A3-9474-1A3956D46DE8}") = "Labfiles", "Labfiles", "{6F268CFB-0C49-481A-BE26-1247087BBE3F}"
EndProject
Project("{2150E333-8FDC-42A3-9474-1A3956D46DE8}") = "01-analyze-text", "01-analyze-text", "{53F255EA-5309-47A3-A968-605FD4D742C1}"
EndProject
Project("{2150E333-8FDC-42A3-9474-1A3956D46DE8}") = "C-Sharp", "C-Sharp", "{2B9D9FE9-ADBD-471D-9EE8-576B9C2ECB9D}"
EndProject
Project("{9A19103F-16F7-4668-BE54-9A1E7A4F7556}") = "text-analysis", "mslearn-ai-language\Labfiles\01-analyze-text\C-Sharp\text-analysis\text-analysis.csproj", "{B33DC03F-73C4-4A5E-BB48-3A34D3646469}"
EndProject
Project("{2150E333-8FDC-42A3-9474-1A3956D46DE8}") = "07-speech", "07-speech", "{BF0B2D40-E273-412C-B17C-23C69BDD477B}"
EndProject
Project("{2150E333-8FDC-42A3-9474-1A3956D46DE8}") = "C-Sharp", "C-Sharp", "{AD80F5B3-2AFC-40D4-BC8F-7571EAD66A03}"
EndProject
Project("{9A19103F-16F7-4668-BE54-9A1E7A4F7556}") = "speaking-clock", "mslearn-ai-language\Labfiles\07-speech\C-Sharp\speaking-clock\speaking-clock.csproj", "{F7FE8EA6-E9EC-4649-A2FA-FE1BE0109C07}"
EndProject
Project("{2150E333-8FDC-42A3-9474-1A3956D46DE8}") = "02-qna", "02-qna", "{3B8DA921-FFE8-4C0B-A93F-361EE90B783E}"
EndProject
Project("{2150E333-8FDC-42A3-9474-1A3956D46DE8}") = "C-Sharp", "C-Sharp", "{0F45D737-E2BD-4929-8F1A-5F2D5323361B}"
EndProject
Project("{9A19103F-16F7-4668-BE54-9A1E7A4F7556}") = "qna-app", "mslearn-ai-language\Labfiles\02-qna\C-Sharp\qna-app\qna-app.csproj", "{FD36BA0E-8765-493D-A657-EBAF482CF72B}"
EndProject
Project("{2150E333-8FDC-42A3-9474-1A3956D46DE8}") = "06b-translator-sdk", "06b-translator-sdk", "{467602DC-3321-4BAB-8A16-62714AEF3765}"
EndProject
Project("{2150E333-8FDC-42A3-9474-1A3956D46DE8}") = "C-Sharp", "C-Sharp", "{FEE01046-3C04-438B-BC86-7709E2CA23AD}"
EndProject
Project("{9A19103F-16F7-4668-BE54-9A1E7A4F7556}") = "translate_text", "mslearn-ai-language\Labfiles\06b-translator-sdk\C-Sharp\translate-text\translate_text.csproj", "{BBF7B318-FF2E-46DA-BF64-1DBB19064B11}"
EndProject
Project("{2150E333-8FDC-42A3-9474-1A3956D46DE8}") = "08-speech-translation", "08-speech-translation", "{3A20B8CB-26C0-4AD9-89F0-FBACC4657349}"
EndProject
Project("{2150E333-8FDC-42A3-9474-1A3956D46DE8}") = "C-Sharp", "C-Sharp", "{AEC4E6B3-4C5B-4F7D-906D-3745ABA2AB78}"
EndProject
Project("{9A19103F-16F7-4668-BE54-9A1E7A4F7556}") = "translator", "mslearn-ai-language\Labfiles\08-speech-translation\C-Sharp\translator\translator.csproj", "{4A839D0F-C97A-40BB-8853-3214ED99BCFA}"
EndProject
Project("{2150E333-8FDC-42A3-9474-1A3956D46DE8}") = "03-language", "03-language", "{17D7D52F-1BA5-430F-8AB3-03880C72B752}"
EndProject
Project("{2150E333-8FDC-42A3-9474-1A3956D46DE8}") = "C-Sharp", "C-Sharp", "{36619113-BB7F-423C-8DCF-4AA13C09DBAA}"
EndProject
Project("{9A19103F-16F7-4668-BE54-9A1E7A4F7556}") = "clock_client", "mslearn-ai-language\Labfiles\03-language\C-Sharp\clock-client\clock_client.csproj", "{2DE2C73B-9D44-4E8C-8A6B-56A39C81E087}"
EndProject
Project("{2150E333-8FDC-42A3-9474-1A3956D46DE8}") = "04-text-classification", "04-text-classification", "{55CE22B4-49CB-41AB-B1A1-C54639FCE576}"
EndProject
Project("{2150E333-8FDC-42A3-9474-1A3956D46DE8}") = "C-Sharp", "C-Sharp", "{398FA307-4FA5-426A-8A40-8C24DBF31708}"
EndProject
Project("{9A19103F-16F7-4668-BE54-9A1E7A4F7556}") = "classify-text", "mslearn-ai-language\Labfiles\04-text-classification\C-Sharp\classify-text\classify-text.csproj", "{A29CFEFB-9068-41CC-B02B-286B669C7706}"
EndProject
Project("{2150E333-8FDC-42A3-9474-1A3956D46DE8}") = "06-translate-text", "06-translate-text", "{BAF3D405-6B9D-4AD1-AC97-80525B000F71}"
EndProject
Project("{2150E333-8FDC-42A3-9474-1A3956D46DE8}") = "C-Sharp", "C-Sharp", "{C87B9AC7-C3A0-42D6-9428-19A6EC1B1E33}"
EndProject
Project("{9A19103F-16F7-4668-BE54-9A1E7A4F7556}") = "translate_text", "mslearn-ai-language\Labfiles\06-translate-text\C-Sharp\text-translation\translate_text.csproj", "{F1982B93-4611-4A7B-BD37-4687090E0DA8}"
EndProject
Project("{2150E333-8FDC-42A3-9474-1A3956D46DE8}") = "05-custom-entity-recognition", "05-custom-entity-recognition", "{713E180A-0D44-4E74-9614-7104C329A0BE}"
EndProject
Project("{2150E333-8FDC-42A3-9474-1A3956D46DE8}") = "C-Sharp", "C-Sharp", "{17E91046-E0CE-41EA-B727-509BC00C7B56}"
EndProject
Project("{9A19103F-16F7-4668-BE54-9A1E7A4F7556}") = "custom-entities", "mslearn-ai-language\Labfiles\05-custom-entity-recognition\C-Sharp\custom-entities\custom-entities.csproj", "{7CADD14D-73E3-4325-BC2F-EF6B326CCE97}"
EndProject
Project("{2150E333-8FDC-42A3-9474-1A3956D46DE8}") = "mslearn-ai-vision", "mslearn-ai-vision", "{C2AD62B4-7BC9-4EC4-BF10-304DC9D7CC0D}"
EndProject
Project("{2150E333-8FDC-42A3-9474-1A3956D46DE8}") = "Labfiles", "Labfiles", "{CD69B65C-B340-44E9-9167-7A2B386A0B6F}"
EndProject
Project("{2150E333-8FDC-42A3-9474-1A3956D46DE8}") = "07-custom-vision-image-classification", "07-custom-vision-image-classification", "{F3E78316-17CD-451A-84EA-9AD120CFC618}"
EndProject
Project("{2150E333-8FDC-42A3-9474-1A3956D46DE8}") = "C-Sharp", "C-Sharp", "{4BD2D003-2724-4D16-A197-E1CE92FCDA9A}"
EndProject
Project("{9A19103F-16F7-4668-BE54-9A1E7A4F7556}") = "test-classifier", "mslearn-ai-vision\Labfiles\07-custom-vision-image-classification\C-Sharp\test-classifier\test-classifier.csproj", "{7B3CC7D0-DCF0-45A4-85B1-2D8C71DE7072}"
EndProject
Project("{9A19103F-16F7-4668-BE54-9A1E7A4F7556}") = "train-classifier", "mslearn-ai-vision\Labfiles\07-custom-vision-image-classification\C-Sharp\train-classifier\train-classifier.csproj", "{78E062B6-E415-4F7A-8A06-51FD9A782090}"
EndProject
Project("{2150E333-8FDC-42A3-9474-1A3956D46DE8}") = "04-face", "04-face", "{750CC945-209F-4013-802F-F4EA9E6F6428}"
EndProject
Project("{2150E333-8FDC-42A3-9474-1A3956D46DE8}") = "C-Sharp", "C-Sharp", "{9F5A5A20-1FB3-422D-9757-3328047E5A80}"
EndProject
Project("{9A19103F-16F7-4668-BE54-9A1E7A4F7556}") = "analyze-faces", "mslearn-ai-vision\Labfiles\04-face\C-Sharp\face-api\analyze-faces.csproj", "{628D39B7-DDA7-42D7-BC26-E1A47286CB43}"
EndProject
Project("{9A19103F-16F7-4668-BE54-9A1E7A4F7556}") = "detect-people", "mslearn-ai-vision\Labfiles\04-face\C-Sharp\computer-vision\detect-people.csproj", "{66DC5906-23F1-4D1A-B2E7-B69AB3454255}"
EndProject
Project("{2150E333-8FDC-42A3-9474-1A3956D46DE8}") = "05-ocr", "05-ocr", "{C4505570-7F2F-4A15-A49F-E03460675D2C}"
EndProject
Project("{2150E333-8FDC-42A3-9474-1A3956D46DE8}") = "C-Sharp", "C-Sharp", "{37D527EB-DB89-4B79-8328-A70BFF508E98}"
EndProject
Project("{9A19103F-16F7-4668-BE54-9A1E7A4F7556}") = "read-text", "mslearn-ai-vision\Labfiles\05-ocr\C-Sharp\read-text\read-text.csproj", "{A37B5E96-D505-4F64-A952-39501E2ED704}"
EndProject
Project("{2150E333-8FDC-42A3-9474-1A3956D46DE8}") = "03-object-detection", "03-object-detection", "{10EE7122-E226-4555-85BB-15EEAC769229}"
EndProject
Project("{2150E333-8FDC-42A3-9474-1A3956D46DE8}") = "C-Sharp", "C-Sharp", "{6930BFDF-FA32-4098-9FE9-A0FEB9A7F9A2}"
EndProject
Project("{9A19103F-16F7-4668-BE54-9A1E7A4F7556}") = "test-detector", "mslearn-ai-vision\Labfiles\03-object-detection\C-Sharp\test-detector\test-detector.csproj", "{A9A7F064-2B40-4020-88F0-A81633EDE9C4}"
EndProject
Project("{9A19103F-16F7-4668-BE54-9A1E7A4F7556}") = "train-detector", "mslearn-ai-vision\Labfiles\03-object-detection\C-Sharp\train-detector\train-detector.csproj", "{12373342-A7BB-4EA5-9F2A-12ECB7B1B9D8}"
EndProject
Project("{2150E333-8FDC-42A3-9474-1A3956D46DE8}") = "01-analyze-images", "01-analyze-images", "{AC8D1346-8589-4453-AEAF-B8227E72870F}"
EndProject
Project("{2150E333-8FDC-42A3-9474-1A3956D46DE8}") = "C-Sharp", "C-Sharp", "{73E8439D-7810-4E1B-AFB6-241BB17FFBED}"
EndProject
Project("{9A19103F-16F7-4668-BE54-9A1E7A4F7556}") = "image-analysis", "mslearn-ai-vision\Labfiles\01-analyze-images\C-Sharp\image-analysis\image-analysis.csproj", "{C02A1BDB-918C-4121-8258-4165ADA1188A}"
EndProject
Global
	GlobalSection(SolutionConfigurationPlatforms) = preSolution
		Debug|Any CPU = Debug|Any CPU
		Release|Any CPU = Release|Any CPU
	EndGlobalSection
	GlobalSection(ProjectConfigurationPlatforms) = postSolution
		{1B7E2D3D-74B4-4FEC-B7B0-958F9EE2E0DC}.Debug|Any CPU.ActiveCfg = Debug|Any CPU
		{1B7E2D3D-74B4-4FEC-B7B0-958F9EE2E0DC}.Debug|Any CPU.Build.0 = Debug|Any CPU
		{1B7E2D3D-74B4-4FEC-B7B0-958F9EE2E0DC}.Release|Any CPU.ActiveCfg = Release|Any CPU
		{1B7E2D3D-74B4-4FEC-B7B0-958F9EE2E0DC}.Release|Any CPU.Build.0 = Release|Any CPU
		{BD657CE1-94CB-429E-9DF1-7213DC5812CD}.Debug|Any CPU.ActiveCfg = Debug|Any CPU
		{BD657CE1-94CB-429E-9DF1-7213DC5812CD}.Debug|Any CPU.Build.0 = Debug|Any CPU
		{BD657CE1-94CB-429E-9DF1-7213DC5812CD}.Release|Any CPU.ActiveCfg = Release|Any CPU
		{BD657CE1-94CB-429E-9DF1-7213DC5812CD}.Release|Any CPU.Build.0 = Release|Any CPU
		{48876ED0-237D-40E0-9D10-BF85C4CE1036}.Debug|Any CPU.ActiveCfg = Debug|Any CPU
		{48876ED0-237D-40E0-9D10-BF85C4CE1036}.Debug|Any CPU.Build.0 = Debug|Any CPU
		{48876ED0-237D-40E0-9D10-BF85C4CE1036}.Release|Any CPU.ActiveCfg = Release|Any CPU
		{48876ED0-237D-40E0-9D10-BF85C4CE1036}.Release|Any CPU.Build.0 = Release|Any CPU
		{6F27C635-EEDF-4874-A1CD-93E9F53C378F}.Debug|Any CPU.ActiveCfg = Debug|Any CPU
		{6F27C635-EEDF-4874-A1CD-93E9F53C378F}.Debug|Any CPU.Build.0 = Debug|Any CPU
		{6F27C635-EEDF-4874-A1CD-93E9F53C378F}.Release|Any CPU.ActiveCfg = Release|Any CPU
		{6F27C635-EEDF-4874-A1CD-93E9F53C378F}.Release|Any CPU.Build.0 = Release|Any CPU
		{84AB9948-D9C7-41F9-91EC-1F63CEA07588}.Debug|Any CPU.ActiveCfg = Debug|Any CPU
		{84AB9948-D9C7-41F9-91EC-1F63CEA07588}.Debug|Any CPU.Build.0 = Debug|Any CPU
		{84AB9948-D9C7-41F9-91EC-1F63CEA07588}.Release|Any CPU.ActiveCfg = Release|Any CPU
		{84AB9948-D9C7-41F9-91EC-1F63CEA07588}.Release|Any CPU.Build.0 = Release|Any CPU
		{DB688ADC-3C02-4724-9D93-6BB2416EA9C0}.Debug|Any CPU.ActiveCfg = Debug|Any CPU
		{DB688ADC-3C02-4724-9D93-6BB2416EA9C0}.Debug|Any CPU.Build.0 = Debug|Any CPU
		{DB688ADC-3C02-4724-9D93-6BB2416EA9C0}.Release|Any CPU.ActiveCfg = Release|Any CPU
		{DB688ADC-3C02-4724-9D93-6BB2416EA9C0}.Release|Any CPU.Build.0 = Release|Any CPU
		{A2EEE737-818E-401C-8DEC-B30F84F9315C}.Debug|Any CPU.ActiveCfg = Debug|Any CPU
		{A2EEE737-818E-401C-8DEC-B30F84F9315C}.Debug|Any CPU.Build.0 = Debug|Any CPU
		{A2EEE737-818E-401C-8DEC-B30F84F9315C}.Release|Any CPU.ActiveCfg = Release|Any CPU
		{A2EEE737-818E-401C-8DEC-B30F84F9315C}.Release|Any CPU.Build.0 = Release|Any CPU
		{043400A3-CE75-4F75-9888-4F8778A87902}.Debug|Any CPU.ActiveCfg = Debug|Any CPU
		{043400A3-CE75-4F75-9888-4F8778A87902}.Debug|Any CPU.Build.0 = Debug|Any CPU
		{043400A3-CE75-4F75-9888-4F8778A87902}.Release|Any CPU.ActiveCfg = Release|Any CPU
		{043400A3-CE75-4F75-9888-4F8778A87902}.Release|Any CPU.Build.0 = Release|Any CPU
		{B33DC03F-73C4-4A5E-BB48-3A34D3646469}.Debug|Any CPU.ActiveCfg = Debug|Any CPU
		{B33DC03F-73C4-4A5E-BB48-3A34D3646469}.Debug|Any CPU.Build.0 = Debug|Any CPU
		{B33DC03F-73C4-4A5E-BB48-3A34D3646469}.Release|Any CPU.ActiveCfg = Release|Any CPU
		{B33DC03F-73C4-4A5E-BB48-3A34D3646469}.Release|Any CPU.Build.0 = Release|Any CPU
		{F7FE8EA6-E9EC-4649-A2FA-FE1BE0109C07}.Debug|Any CPU.ActiveCfg = Debug|Any CPU
		{F7FE8EA6-E9EC-4649-A2FA-FE1BE0109C07}.Debug|Any CPU.Build.0 = Debug|Any CPU
		{F7FE8EA6-E9EC-4649-A2FA-FE1BE0109C07}.Release|Any CPU.ActiveCfg = Release|Any CPU
		{F7FE8EA6-E9EC-4649-A2FA-FE1BE0109C07}.Release|Any CPU.Build.0 = Release|Any CPU
		{FD36BA0E-8765-493D-A657-EBAF482CF72B}.Debug|Any CPU.ActiveCfg = Debug|Any CPU
		{FD36BA0E-8765-493D-A657-EBAF482CF72B}.Debug|Any CPU.Build.0 = Debug|Any CPU
		{FD36BA0E-8765-493D-A657-EBAF482CF72B}.Release|Any CPU.ActiveCfg = Release|Any CPU
		{FD36BA0E-8765-493D-A657-EBAF482CF72B}.Release|Any CPU.Build.0 = Release|Any CPU
		{BBF7B318-FF2E-46DA-BF64-1DBB19064B11}.Debug|Any CPU.ActiveCfg = Debug|Any CPU
		{BBF7B318-FF2E-46DA-BF64-1DBB19064B11}.Debug|Any CPU.Build.0 = Debug|Any CPU
		{BBF7B318-FF2E-46DA-BF64-1DBB19064B11}.Release|Any CPU.ActiveCfg = Release|Any CPU
		{BBF7B318-FF2E-46DA-BF64-1DBB19064B11}.Release|Any CPU.Build.0 = Release|Any CPU
		{4A839D0F-C97A-40BB-8853-3214ED99BCFA}.Debug|Any CPU.ActiveCfg = Debug|Any CPU
		{4A839D0F-C97A-40BB-8853-3214ED99BCFA}.Debug|Any CPU.Build.0 = Debug|Any CPU
		{4A839D0F-C97A-40BB-8853-3214ED99BCFA}.Release|Any CPU.ActiveCfg = Release|Any CPU
		{4A839D0F-C97A-40BB-8853-3214ED99BCFA}.Release|Any CPU.Build.0 = Release|Any CPU
		{2DE2C73B-9D44-4E8C-8A6B-56A39C81E087}.Debug|Any CPU.ActiveCfg = Debug|Any CPU
		{2DE2C73B-9D44-4E8C-8A6B-56A39C81E087}.Debug|Any CPU.Build.0 = Debug|Any CPU
		{2DE2C73B-9D44-4E8C-8A6B-56A39C81E087}.Release|Any CPU.ActiveCfg = Release|Any CPU
		{2DE2C73B-9D44-4E8C-8A6B-56A39C81E087}.Release|Any CPU.Build.0 = Release|Any CPU
		{A29CFEFB-9068-41CC-B02B-286B669C7706}.Debug|Any CPU.ActiveCfg = Debug|Any CPU
		{A29CFEFB-9068-41CC-B02B-286B669C7706}.Debug|Any CPU.Build.0 = Debug|Any CPU
		{A29CFEFB-9068-41CC-B02B-286B669C7706}.Release|Any CPU.ActiveCfg = Release|Any CPU
		{A29CFEFB-9068-41CC-B02B-286B669C7706}.Release|Any CPU.Build.0 = Release|Any CPU
		{F1982B93-4611-4A7B-BD37-4687090E0DA8}.Debug|Any CPU.ActiveCfg = Debug|Any CPU
		{F1982B93-4611-4A7B-BD37-4687090E0DA8}.Debug|Any CPU.Build.0 = Debug|Any CPU
		{F1982B93-4611-4A7B-BD37-4687090E0DA8}.Release|Any CPU.ActiveCfg = Release|Any CPU
		{F1982B93-4611-4A7B-BD37-4687090E0DA8}.Release|Any CPU.Build.0 = Release|Any CPU
		{7CADD14D-73E3-4325-BC2F-EF6B326CCE97}.Debug|Any CPU.ActiveCfg = Debug|Any CPU
		{7CADD14D-73E3-4325-BC2F-EF6B326CCE97}.Debug|Any CPU.Build.0 = Debug|Any CPU
		{7CADD14D-73E3-4325-BC2F-EF6B326CCE97}.Release|Any CPU.ActiveCfg = Release|Any CPU
		{7CADD14D-73E3-4325-BC2F-EF6B326CCE97}.Release|Any CPU.Build.0 = Release|Any CPU
		{7B3CC7D0-DCF0-45A4-85B1-2D8C71DE7072}.Debug|Any CPU.ActiveCfg = Debug|Any CPU
		{7B3CC7D0-DCF0-45A4-85B1-2D8C71DE7072}.Debug|Any CPU.Build.0 = Debug|Any CPU
		{7B3CC7D0-DCF0-45A4-85B1-2D8C71DE7072}.Release|Any CPU.ActiveCfg = Release|Any CPU
		{7B3CC7D0-DCF0-45A4-85B1-2D8C71DE7072}.Release|Any CPU.Build.0 = Release|Any CPU
		{78E062B6-E415-4F7A-8A06-51FD9A782090}.Debug|Any CPU.ActiveCfg = Debug|Any CPU
		{78E062B6-E415-4F7A-8A06-51FD9A782090}.Debug|Any CPU.Build.0 = Debug|Any CPU
		{78E062B6-E415-4F7A-8A06-51FD9A782090}.Release|Any CPU.ActiveCfg = Release|Any CPU
		{78E062B6-E415-4F7A-8A06-51FD9A782090}.Release|Any CPU.Build.0 = Release|Any CPU
		{628D39B7-DDA7-42D7-BC26-E1A47286CB43}.Debug|Any CPU.ActiveCfg = Debug|Any CPU
		{628D39B7-DDA7-42D7-BC26-E1A47286CB43}.Debug|Any CPU.Build.0 = Debug|Any CPU
		{628D39B7-DDA7-42D7-BC26-E1A47286CB43}.Release|Any CPU.ActiveCfg = Release|Any CPU
		{628D39B7-DDA7-42D7-BC26-E1A47286CB43}.Release|Any CPU.Build.0 = Release|Any CPU
		{66DC5906-23F1-4D1A-B2E7-B69AB3454255}.Debug|Any CPU.ActiveCfg = Debug|Any CPU
		{66DC5906-23F1-4D1A-B2E7-B69AB3454255}.Debug|Any CPU.Build.0 = Debug|Any CPU
		{66DC5906-23F1-4D1A-B2E7-B69AB3454255}.Release|Any CPU.ActiveCfg = Release|Any CPU
		{66DC5906-23F1-4D1A-B2E7-B69AB3454255}.Release|Any CPU.Build.0 = Release|Any CPU
		{A37B5E96-D505-4F64-A952-39501E2ED704}.Debug|Any CPU.ActiveCfg = Debug|Any CPU
		{A37B5E96-D505-4F64-A952-39501E2ED704}.Debug|Any CPU.Build.0 = Debug|Any CPU
		{A37B5E96-D505-4F64-A952-39501E2ED704}.Release|Any CPU.ActiveCfg = Release|Any CPU
		{A37B5E96-D505-4F64-A952-39501E2ED704}.Release|Any CPU.Build.0 = Release|Any CPU
		{A9A7F064-2B40-4020-88F0-A81633EDE9C4}.Debug|Any CPU.ActiveCfg = Debug|Any CPU
		{A9A7F064-2B40-4020-88F0-A81633EDE9C4}.Debug|Any CPU.Build.0 = Debug|Any CPU
		{A9A7F064-2B40-4020-88F0-A81633EDE9C4}.Release|Any CPU.ActiveCfg = Release|Any CPU
		{A9A7F064-2B40-4020-88F0-A81633EDE9C4}.Release|Any CPU.Build.0 = Release|Any CPU
		{12373342-A7BB-4EA5-9F2A-12ECB7B1B9D8}.Debug|Any CPU.ActiveCfg = Debug|Any CPU
		{12373342-A7BB-4EA5-9F2A-12ECB7B1B9D8}.Debug|Any CPU.Build.0 = Debug|Any CPU
		{12373342-A7BB-4EA5-9F2A-12ECB7B1B9D8}.Release|Any CPU.ActiveCfg = Release|Any CPU
		{12373342-A7BB-4EA5-9F2A-12ECB7B1B9D8}.Release|Any CPU.Build.0 = Release|Any CPU
		{C02A1BDB-918C-4121-8258-4165ADA1188A}.Debug|Any CPU.ActiveCfg = Debug|Any CPU
		{C02A1BDB-918C-4121-8258-4165ADA1188A}.Debug|Any CPU.Build.0 = Debug|Any CPU
		{C02A1BDB-918C-4121-8258-4165ADA1188A}.Release|Any CPU.ActiveCfg = Release|Any CPU
		{C02A1BDB-918C-4121-8258-4165ADA1188A}.Release|Any CPU.Build.0 = Release|Any CPU
	EndGlobalSection
	GlobalSection(SolutionProperties) = preSolution
		HideSolutionNode = FALSE
	EndGlobalSection
	GlobalSection(NestedProjects) = preSolution
		{37E3A6AD-2F2D-4258-BD78-30BDD937ED18} = {B9994C4E-BFDF-4997-8F44-B2CF7F0DF6C1}
		{96309FD7-B274-4EBA-A9C6-F0661A3CF2AC} = {37E3A6AD-2F2D-4258-BD78-30BDD937ED18}
		{1B7E2D3D-74B4-4FEC-B7B0-958F9EE2E0DC} = {96309FD7-B274-4EBA-A9C6-F0661A3CF2AC}
		{CD7263EE-B350-47D7-BEAD-C07ADFAC1D56} = {37E3A6AD-2F2D-4258-BD78-30BDD937ED18}
		{BD657CE1-94CB-429E-9DF1-7213DC5812CD} = {CD7263EE-B350-47D7-BEAD-C07ADFAC1D56}
		{32F24246-99CB-4A2F-8E3C-D045482509B4} = {37E3A6AD-2F2D-4258-BD78-30BDD937ED18}
		{48876ED0-237D-40E0-9D10-BF85C4CE1036} = {32F24246-99CB-4A2F-8E3C-D045482509B4}
		{E97373ED-D288-4AEB-AE6E-E506FC13D3D8} = {37E3A6AD-2F2D-4258-BD78-30BDD937ED18}
		{6F27C635-EEDF-4874-A1CD-93E9F53C378F} = {E97373ED-D288-4AEB-AE6E-E506FC13D3D8}
		{D9DEDDF4-7BCB-414D-B5ED-6E2BF7845601} = {37E3A6AD-2F2D-4258-BD78-30BDD937ED18}
		{84AB9948-D9C7-41F9-91EC-1F63CEA07588} = {D9DEDDF4-7BCB-414D-B5ED-6E2BF7845601}
		{9616B230-8B6E-4F97-8E86-2CE81298BC61} = {9959F3EE-2CD8-4F53-A97B-0856DA1F9BE4}
		{302ADE24-BB92-4D77-A85F-293017E2657B} = {9616B230-8B6E-4F97-8E86-2CE81298BC61}
		{DB688ADC-3C02-4724-9D93-6BB2416EA9C0} = {302ADE24-BB92-4D77-A85F-293017E2657B}
		{87FC7BB4-BE18-4744-9A5F-381872AD2B9F} = {E97373ED-D288-4AEB-AE6E-E506FC13D3D8}
		{A2EEE737-818E-401C-8DEC-B30F84F9315C} = {87FC7BB4-BE18-4744-9A5F-381872AD2B9F}
		{23874B63-0B70-49B3-A8E7-EA08A85210DC} = {9616B230-8B6E-4F97-8E86-2CE81298BC61}
		{36AFE6D1-7A98-4C84-A4F7-1A9569082E77} = {23874B63-0B70-49B3-A8E7-EA08A85210DC}
		{043400A3-CE75-4F75-9888-4F8778A87902} = {36AFE6D1-7A98-4C84-A4F7-1A9569082E77}
		{6F268CFB-0C49-481A-BE26-1247087BBE3F} = {DD36E3EE-D15D-4AE9-9087-7943CB078DBE}
		{53F255EA-5309-47A3-A968-605FD4D742C1} = {6F268CFB-0C49-481A-BE26-1247087BBE3F}
		{2B9D9FE9-ADBD-471D-9EE8-576B9C2ECB9D} = {53F255EA-5309-47A3-A968-605FD4D742C1}
		{B33DC03F-73C4-4A5E-BB48-3A34D3646469} = {2B9D9FE9-ADBD-471D-9EE8-576B9C2ECB9D}
		{BF0B2D40-E273-412C-B17C-23C69BDD477B} = {6F268CFB-0C49-481A-BE26-1247087BBE3F}
		{AD80F5B3-2AFC-40D4-BC8F-7571EAD66A03} = {BF0B2D40-E273-412C-B17C-23C69BDD477B}
		{F7FE8EA6-E9EC-4649-A2FA-FE1BE0109C07} = {AD80F5B3-2AFC-40D4-BC8F-7571EAD66A03}
		{3B8DA921-FFE8-4C0B-A93F-361EE90B783E} = {6F268CFB-0C49-481A-BE26-1247087BBE3F}
		{0F45D737-E2BD-4929-8F1A-5F2D5323361B} = {3B8DA921-FFE8-4C0B-A93F-361EE90B783E}
		{FD36BA0E-8765-493D-A657-EBAF482CF72B} = {0F45D737-E2BD-4929-8F1A-5F2D5323361B}
		{467602DC-3321-4BAB-8A16-62714AEF3765} = {6F268CFB-0C49-481A-BE26-1247087BBE3F}
		{FEE01046-3C04-438B-BC86-7709E2CA23AD} = {467602DC-3321-4BAB-8A16-62714AEF3765}
		{BBF7B318-FF2E-46DA-BF64-1DBB19064B11} = {FEE01046-3C04-438B-BC86-7709E2CA23AD}
		{3A20B8CB-26C0-4AD9-89F0-FBACC4657349} = {6F268CFB-0C49-481A-BE26-1247087BBE3F}
		{AEC4E6B3-4C5B-4F7D-906D-3745ABA2AB78} = {3A20B8CB-26C0-4AD9-89F0-FBACC4657349}
		{4A839D0F-C97A-40BB-8853-3214ED99BCFA} = {AEC4E6B3-4C5B-4F7D-906D-3745ABA2AB78}
		{17D7D52F-1BA5-430F-8AB3-03880C72B752} = {6F268CFB-0C49-481A-BE26-1247087BBE3F}
		{36619113-BB7F-423C-8DCF-4AA13C09DBAA} = {17D7D52F-1BA5-430F-8AB3-03880C72B752}
		{2DE2C73B-9D44-4E8C-8A6B-56A39C81E087} = {36619113-BB7F-423C-8DCF-4AA13C09DBAA}
		{55CE22B4-49CB-41AB-B1A1-C54639FCE576} = {6F268CFB-0C49-481A-BE26-1247087BBE3F}
		{398FA307-4FA5-426A-8A40-8C24DBF31708} = {55CE22B4-49CB-41AB-B1A1-C54639FCE576}
		{A29CFEFB-9068-41CC-B02B-286B669C7706} = {398FA307-4FA5-426A-8A40-8C24DBF31708}
		{BAF3D405-6B9D-4AD1-AC97-80525B000F71} = {6F268CFB-0C49-481A-BE26-1247087BBE3F}
		{C87B9AC7-C3A0-42D6-9428-19A6EC1B1E33} = {BAF3D405-6B9D-4AD1-AC97-80525B000F71}
		{F1982B93-4611-4A7B-BD37-4687090E0DA8} = {C87B9AC7-C3A0-42D6-9428-19A6EC1B1E33}
		{713E180A-0D44-4E74-9614-7104C329A0BE} = {6F268CFB-0C49-481A-BE26-1247087BBE3F}
		{17E91046-E0CE-41EA-B727-509BC00C7B56} = {713E180A-0D44-4E74-9614-7104C329A0BE}
		{7CADD14D-73E3-4325-BC2F-EF6B326CCE97} = {17E91046-E0CE-41EA-B727-509BC00C7B56}
		{CD69B65C-B340-44E9-9167-7A2B386A0B6F} = {C2AD62B4-7BC9-4EC4-BF10-304DC9D7CC0D}
		{F3E78316-17CD-451A-84EA-9AD120CFC618} = {CD69B65C-B340-44E9-9167-7A2B386A0B6F}
		{4BD2D003-2724-4D16-A197-E1CE92FCDA9A} = {F3E78316-17CD-451A-84EA-9AD120CFC618}
		{7B3CC7D0-DCF0-45A4-85B1-2D8C71DE7072} = {4BD2D003-2724-4D16-A197-E1CE92FCDA9A}
		{78E062B6-E415-4F7A-8A06-51FD9A782090} = {4BD2D003-2724-4D16-A197-E1CE92FCDA9A}
		{750CC945-209F-4013-802F-F4EA9E6F6428} = {CD69B65C-B340-44E9-9167-7A2B386A0B6F}
		{9F5A5A20-1FB3-422D-9757-3328047E5A80} = {750CC945-209F-4013-802F-F4EA9E6F6428}
		{628D39B7-DDA7-42D7-BC26-E1A47286CB43} = {9F5A5A20-1FB3-422D-9757-3328047E5A80}
		{66DC5906-23F1-4D1A-B2E7-B69AB3454255} = {9F5A5A20-1FB3-422D-9757-3328047E5A80}
		{C4505570-7F2F-4A15-A49F-E03460675D2C} = {CD69B65C-B340-44E9-9167-7A2B386A0B6F}
		{37D527EB-DB89-4B79-8328-A70BFF508E98} = {C4505570-7F2F-4A15-A49F-E03460675D2C}
		{A37B5E96-D505-4F64-A952-39501E2ED704} = {37D527EB-DB89-4B79-8328-A70BFF508E98}
		{10EE7122-E226-4555-85BB-15EEAC769229} = {CD69B65C-B340-44E9-9167-7A2B386A0B6F}
		{6930BFDF-FA32-4098-9FE9-A0FEB9A7F9A2} = {10EE7122-E226-4555-85BB-15EEAC769229}
		{A9A7F064-2B40-4020-88F0-A81633EDE9C4} = {6930BFDF-FA32-4098-9FE9-A0FEB9A7F9A2}
		{12373342-A7BB-4EA5-9F2A-12ECB7B1B9D8} = {6930BFDF-FA32-4098-9FE9-A0FEB9A7F9A2}
		{AC8D1346-8589-4453-AEAF-B8227E72870F} = {CD69B65C-B340-44E9-9167-7A2B386A0B6F}
		{73E8439D-7810-4E1B-AFB6-241BB17FFBED} = {AC8D1346-8589-4453-AEAF-B8227E72870F}
		{C02A1BDB-918C-4121-8258-4165ADA1188A} = {73E8439D-7810-4E1B-AFB6-241BB17FFBED}
	EndGlobalSection
	GlobalSection(ExtensibilityGlobals) = postSolution
		SolutionGuid = {A341648B-F1FC-43DC-B373-906685693511}
	EndGlobalSection
EndGlobal
